PackratFormat: 1.4
PackratVersion: 0.4.9.2
RVersion: 3.4.3
Repos: CRAN=http://cran.r-project.org,
    CRANextra=http://www.stats.ox.ac.uk/pub/RWin,
    .CRAN=file:///C:/Users/zhang/Home/luna16/luna16/core/utils/ransack/inst/root/ransack/cli/.CRAN

Package: BH
Source: CRAN
Version: 1.66.0-1
Hash: 4cc8883584b955ed01f38f68bc03af6d

Package: R.methodsS3
Source: CRAN
Version: 1.7.1
Hash: 99f841ba1614c005e6672c5fb01b352a

Package: R.oo
Source: CRAN
Version: 1.22.0
Hash: c37ded09136c4ae98b9c73cf42dee3c8
Requires: R.methodsS3

Package: R.utils
Source: CRAN
Version: 2.6.0
Hash: 7d46f5c3a914a82db092e1404d6ae624
Requires: R.methodsS3, R.oo

Package: R6
Source: CRAN
Version: 2.2.2
Hash: b2366cd9d2f3851a5704b4e192b985c2

Package: Rcpp
Source: CRAN
Version: 0.12.16
Hash: 8cc9dc88c11acdcf8a6dec4a0f1500bc

Package: XML
Source: CRAN
Version: 3.98-1.11
Hash: 93ca736e34d01f5952dc770fbfa5fa62

Package: argparser
Source: CRAN
Version: 0.4

Package: assertthat
Source: CRAN
Version: 0.2.0
Hash: e8805df54c65ac96d50235c44a82615c

Package: backports
Source: CRAN
Version: 1.1.2
Hash: 5ae7b3466e529e4400951ca18c137e40

Package: brew
Source: CRAN
Version: 1.0-6
Hash: 931f9972deae0f205e1c78a51f33149b

Package: cli
Source: CRAN
Version: 1.0.0
Hash: f4239f89feb7ddc65821e4514e9734ae
Requires: assertthat, crayon

Package: commonmark
Source: CRAN
Version: 1.2
Hash: 1290583b9d16fb60322126a8698fb729

Package: crayon
Source: CRAN
Version: 1.3.4
Hash: ff2840dd9b0d563fc80377a5a45510cd

Package: curl
Source: CRAN
Version: 3.1
Hash: 877149b42d479b93ab15d5cef46c0f1b

Package: data.table
Source: CRAN
Version: 1.11.2
Hash: d314a0c785ee165e967aa43d30119438

Package: desc
Source: CRAN
Version: 1.1.1
Hash: 2f99e95211c4ba6efcf5538d096587fc
Requires: R6, assertthat, crayon, rprojroot

Package: devtools
Source: CRAN
Version: 1.13.4
Hash: 80a77b22f641002c7ce0343baeaee300
Requires: digest, git2r, httr, jsonlite, memoise, rstudioapi, whisker,
    withr

Package: digest
Source: CRAN
Version: 0.6.15
Hash: 1f202ebd812ac7192be3739245746a13

Package: funr
Source: CRAN
Version: 0.3.2

Package: git2r
Source: CRAN
Version: 0.20.0
Hash: 11747e2b4c91ecd101150d7f44027670

Package: glue
Source: CRAN
Version: 1.2.0
Hash: 381e42baedecc633c0e547a0c7ca9de7

Package: hms
Source: CRAN
Version: 0.4.2
Hash: b4096a4f6a6736138e9a825c2baaacf0
Requires: pkgconfig, rlang

Package: httr
Source: CRAN
Version: 1.3.1
Hash: 2d32e01e53d532c812052e27a1021441
Requires: R6, jsonlite, mime, openssl, curl

Package: import
Source: CRAN
Version: 1.1.0

Package: jsonlite
Source: CRAN
Version: 1.5
Hash: 9c51936d8dd00b2f1d4fe9d10499694c

Package: magics
Source: CRAN
Version: 0.1.0
Requires: funr, rapportools

Package: magrittr
Source: CRAN
Version: 1.5
Hash: bdc4d48c3135e8f3b399536ddf160df4

Package: memoise
Source: CRAN
Version: 1.1.0
Hash: 410fcd334bc626db100237cc1370f2e9
Requires: digest

Package: mime
Source: CRAN
Version: 0.5
Hash: 463550cf44fb6f0a2359368f42eebe62

Package: modules
Source: CRAN
Version: 0.6.0
Requires: stringr

Package: openssl
Source: CRAN
Version: 0.9.9
Hash: 3858537ac10388a5db1687450908f257

Package: packrat
Source: github
Version: 0.4.9-2
Hash: c73cc03ba66369a5791221307ff811c6
GithubRepo: packrat
GithubUsername: rstudio
GithubRef: master
GithubSha1: f18e2607af2935508d7f04ac91d96b5f3bfe09ae
RemoteHost: https://api.github.com
RemoteRepo: packrat
RemoteUsername: rstudio
RemoteSha: f18e2607af2935508d7f04ac91d96b5f3bfe09ae

Package: pander
Source: CRAN
Version: 0.6.2
Requires: Rcpp, digest

Package: pillar
Source: CRAN
Version: 1.2.1
Hash: 21190605f9f425d625a09c8259860bae
Requires: cli, crayon, rlang, utf8

Package: pkgconfig
Source: CRAN
Version: 2.0.1
Hash: 0dda4a2654a22b36a715c2b0b6fbacac

Package: plyr
Source: CRAN
Version: 1.8.4
Hash: 2d09eea8a6bcac8e61b6a8728917b877
Requires: Rcpp

Package: rapportools
Source: CRAN
Version: 1.0
Requires: plyr, pander, reshape

Package: readr
Source: CRAN
Version: 1.1.1
Hash: 70f2df9a128697b88134875a72dfd322
Requires: BH, R6, Rcpp, hms, tibble

Package: reshape
Source: CRAN
Version: 0.8.7
Requires: plyr

Package: reticulate
Source: CRAN
Version: 1.9
Requires: Rcpp, jsonlite

Package: rlang
Source: CRAN
Version: 0.2.0
Hash: 647e2e50a72557d1a770dcd6701e562b

Package: rlist
Source: CRAN
Version: 0.4.6.1
Hash: 549b1d78af0592d937069501b9b0ba0b
Requires: XML, data.table, jsonlite, yaml

Package: roxygen2
Source: CRAN
Version: 6.0.1
Hash: 9eb6cc417058fd0d7d5ec675a4f8203a
Requires: R6, Rcpp, brew, commonmark, desc, digest, stringi, stringr,
    xml2

Package: rprojroot
Source: CRAN
Version: 1.3-2
Hash: a25c3f70c166fb3fbabc410eb32b6366
Requires: backports

Package: rstudioapi
Source: CRAN
Version: 0.7
Hash: e2ebaff8160aff3e6b32e6e78a693c2d

Package: stringi
Source: CRAN
Version: 1.1.7
Hash: d3dbb18da9a7b73a5b59416e33ad2cbd

Package: stringr
Source: CRAN
Version: 1.3.0
Hash: b2801fdc391caef2335dbdb1064836bb
Requires: glue, magrittr, stringi

Package: tibble
Source: CRAN
Version: 1.4.2
Hash: 83895360ce4f8d2ce92eee00526b5b0b
Requires: cli, crayon, pillar, rlang

Package: utf8
Source: CRAN
Version: 1.1.3
Hash: a2fe6a996668ee5850b7719f365e831b

Package: whisker
Source: CRAN
Version: 0.3-2
Hash: 803d662762e532705c2c066a82d066e7

Package: withr
Source: CRAN
Version: 2.1.1
Hash: a86856ae0b4a7c3daf9a3ef0097a403b

Package: xml2
Source: CRAN
Version: 1.1.1
Hash: af0e2a3cbb5b8c036b68c0753b8b3fdc
Requires: BH, Rcpp

Package: yaml
Source: CRAN
Version: 2.1.18
Hash: 28c7e28c239d7a1d1bd579390bab89bd
